
Microsoft Visual Studio Solution File, Format Version 12.00
# Visual Studio 15
VisualStudioVersion = 15.0.27004.2006
MinimumVisualStudioVersion = 10.0.40219.1
Project("{8BC9CEB8-8B4A-11D0-8D11-00A0C91BC942}") = "JosephProblem", "JosephProblem\JosephProblem.vcxproj", "{E59FE0FC-3D58-4B93-9B44-A3ACD14A686C}"
EndProject
Project("{8BC9CEB8-8B4A-11D0-8D11-00A0C91BC942}") = "TestSystem", "TestSystem\TestSystem.vcxproj", "{1D26D47A-76BB-4F7C-AD00-6379D0F100D0}"
EndProject
Project("{8BC9CEB8-8B4A-11D0-8D11-00A0C91BC942}") = "forZGN", "forZGN\forZGN.vcxproj", "{28A14731-5849-4169-8D97-13BC6AFE3AA1}"
EndProject
Global
	GlobalSection(SolutionConfigurationPlatforms) = preSolution
		Debug|x64 = Debug|x64
		Debug|x86 = Debug|x86
		Release|x64 = Release|x64
		Release|x86 = Release|x86
	EndGlobalSection
	GlobalSection(ProjectConfigurationPlatforms) = postSolution
		{E59FE0FC-3D58-4B93-9B44-A3ACD14A686C}.Debug|x64.ActiveCfg = Debug|x64
		{E59FE0FC-3D58-4B93-9B44-A3ACD14A686C}.Debug|x64.Build.0 = Debug|x64
		{E59FE0FC-3D58-4B93-9B44-A3ACD14A686C}.Debug|x86.ActiveCfg = Debug|Win32
		{E59FE0FC-3D58-4B93-9B44-A3ACD14A686C}.Debug|x86.Build.0 = Debug|Win32
		{E59FE0FC-3D58-4B93-9B44-A3ACD14A686C}.Release|x64.ActiveCfg = Release|x64
		{E59FE0FC-3D58-4B93-9B44-A3ACD14A686C}.Release|x64.Build.0 = Release|x64
		{E59FE0FC-3D58-4B93-9B44-A3ACD14A686C}.Release|x86.ActiveCfg = Release|Win32
		{E59FE0FC-3D58-4B93-9B44-A3ACD14A686C}.Release|x86.Build.0 = Release|Win32
		{1D26D47A-76BB-4F7C-AD00-6379D0F100D0}.Debug|x64.ActiveCfg = Debug|x64
		{1D26D47A-76BB-4F7C-AD00-6379D0F100D0}.Debug|x64.Build.0 = Debug|x64
		{1D26D47A-76BB-4F7C-AD00-6379D0F100D0}.Debug|x86.ActiveCfg = Debug|Win32
		{1D26D47A-76BB-4F7C-AD00-6379D0F100D0}.Debug|x86.Build.0 = Debug|Win32
		{1D26D47A-76BB-4F7C-AD00-6379D0F100D0}.Release|x64.ActiveCfg = Release|x64
		{1D26D47A-76BB-4F7C-AD00-6379D0F100D0}.Release|x64.Build.0 = Release|x64
		{1D26D47A-76BB-4F7C-AD00-6379D0F100D0}.Release|x86.ActiveCfg = Release|Win32
		{1D26D47A-76BB-4F7C-AD00-6379D0F100D0}.Release|x86.Build.0 = Release|Win32
		{28A14731-5849-4169-8D97-13BC6AFE3AA1}.Debug|x64.ActiveCfg = Debug|x64
		{28A14731-5849-4169-8D97-13BC6AFE3AA1}.Debug|x64.Build.0 = Debug|x64
		{28A14731-5849-4169-8D97-13BC6AFE3AA1}.Debug|x86.ActiveCfg = Debug|Win32
		{28A14731-5849-4169-8D97-13BC6AFE3AA1}.Debug|x86.Build.0 = Debug|Win32
		{28A14731-5849-4169-8D97-13BC6AFE3AA1}.Release|x64.ActiveCfg = Release|x64
		{28A14731-5849-4169-8D97-13BC6AFE3AA1}.Release|x64.Build.0 = Release|x64
		{28A14731-5849-4169-8D97-13BC6AFE3AA1}.Release|x86.ActiveCfg = Release|Win32
		{28A14731-5849-4169-8D97-13BC6AFE3AA1}.Release|x86.Build.0 = Release|Win32
	EndGlobalSection
	GlobalSection(SolutionProperties) = preSolution
		HideSolutionNode = FALSE
	EndGlobalSection
	GlobalSection(ExtensibilityGlobals) = postSolution
		SolutionGuid = {4E1B2D7E-921B-457F-9FD8-46AFE80645FE}
	EndGlobalSection
EndGlobal
